<?xml version="1.0" encoding="UTF-8" standalone="yes" ?>
<CodeBlocks_project_file>
	<FileVersion major="1" minor="6" />
	<Project>
		<Option title="HeliumLight" />
		<Option pch_mode="2" />
		<Option compiler="gcc" />
		<Build>
			<Target title="Debug">
				<Option output="lib/helium-light-gcc-mt-gdt" prefix_auto="1" extension_auto="1" />
				<Option working_dir="" />
				<Option object_output="bin/obj/Debug/" />
				<Option type="2" />
				<Option compiler="gcc" />
				<Option createDefFile="1" />
				<Compiler>
					<Add option="-Wall" />
					<Add option="-g" />
				</Compiler>
			</Target>
			<Target title="Release">
				<Option output="lib/helium-light-gcc-mt" prefix_auto="1" extension_auto="1" />
				<Option working_dir="" />
				<Option object_output="bin/obj/Release/" />
				<Option type="2" />
				<Option compiler="gcc" />
				<Option createDefFile="1" />
				<Compiler>
					<Add option="-Wall" />
					<Add option="-O2" />
				</Compiler>
				<Linker>
					<Add option="-s" />
				</Linker>
			</Target>
		</Build>
		<Compiler>
			<Add option="-DUNICODE=1" />
			<Add option="-DHELIUM_CC_GCC=1" />
			<Add option="-DHELIUM_HEAP=0" />
			<Add option="-DHELIUM_OPENGL=0" />
			<Add option="-DHELIUM_TOOLS=1" />
			<Add option="-DHELIUM_RTTI=1" />
			<Add option="-DHELIUM_STATIC=1" />
			<Add option="-DHAVE_TYPE_TRAITS" />
			<Add directory="../HeliumLight" />
			<Add directory="../" />
		</Compiler>
		<Unit filename="Foundation/API.h" />
		<Unit filename="Foundation/Attribute.h" />
		<Unit filename="Foundation/Attribute.inl" />
		<Unit filename="Foundation/BitArray.cpp" />
		<Unit filename="Foundation/BitArray.h" />
		<Unit filename="Foundation/BitArray.inl" />
		<Unit filename="Foundation/ConcurrentHashMap.h" />
		<Unit filename="Foundation/ConcurrentHashMap.inl" />
		<Unit filename="Foundation/ConcurrentHashSet.h" />
		<Unit filename="Foundation/ConcurrentHashSet.inl" />
		<Unit filename="Foundation/ConcurrentHashTable.h" />
		<Unit filename="Foundation/ConcurrentHashTable.inl" />
		<Unit filename="Foundation/Crc32.cpp" />
		<Unit filename="Foundation/Crc32.h" />
		<Unit filename="Foundation/Crc32.inl" />
		<Unit filename="Foundation/DirectoryIterator.cpp" />
		<Unit filename="Foundation/DirectoryIterator.h" />
		<Unit filename="Foundation/DynamicArray.h" />
		<Unit filename="Foundation/DynamicArray.inl" />
		<Unit filename="Foundation/Endian.h" />
		<Unit filename="Foundation/Endian.inl" />
		<Unit filename="Foundation/Event.h" />
		<Unit filename="Foundation/Event.inl" />
		<Unit filename="Foundation/Exception.cpp" />
		<Unit filename="Foundation/Exception.h" />
		<Unit filename="Foundation/FilePath.cpp" />
		<Unit filename="Foundation/FilePath.h" />
		<Unit filename="Foundation/FileStream.cpp" />
		<Unit filename="Foundation/FileStream.h" />
		<Unit filename="Foundation/Flags.h" />
		<Unit filename="Foundation/Flags.inl" />
		<Unit filename="Foundation/FoundationPch.cpp" />
		<Unit filename="Foundation/FoundationPch.h" />
		<Unit filename="Foundation/Functions.cpp" />
		<Unit filename="Foundation/Functions.h" />
		<Unit filename="Foundation/Functions.inl" />
		<Unit filename="Foundation/HashFunctions.cpp" />
		<Unit filename="Foundation/HashFunctions.h" />
		<Unit filename="Foundation/HashFunctions.inl" />
		<Unit filename="Foundation/HashMap.h" />
		<Unit filename="Foundation/HashMap.inl" />
		<Unit filename="Foundation/HashSet.h" />
		<Unit filename="Foundation/HashSet.inl" />
		<Unit filename="Foundation/HashTable.h" />
		<Unit filename="Foundation/HashTable.inl" />
		<Unit filename="Foundation/IPC.cpp" />
		<Unit filename="Foundation/IPC.h" />
		<Unit filename="Foundation/IPCTCP.cpp" />
		<Unit filename="Foundation/IPCTCP.h" />
		<Unit filename="Foundation/LICENSE.md" />
		<Unit filename="Foundation/Log.cpp" />
		<Unit filename="Foundation/Log.h" />
		<Unit filename="Foundation/Log.inl" />
		<Unit filename="Foundation/MD5.cpp" />
		<Unit filename="Foundation/MD5.h" />
		<Unit filename="Foundation/Map.h" />
		<Unit filename="Foundation/Map.inl" />
		<Unit filename="Foundation/Math.h" />
		<Unit filename="Foundation/Math.inl" />
		<Unit filename="Foundation/MemoryStream.cpp" />
		<Unit filename="Foundation/MemoryStream.h" />
		<Unit filename="Foundation/MemoryStream.inl" />
		<Unit filename="Foundation/MessagePack.cpp" />
		<Unit filename="Foundation/MessagePack.h" />
		<Unit filename="Foundation/MessagePack.inl" />
		<Unit filename="Foundation/Name.cpp" />
		<Unit filename="Foundation/Name.h" />
		<Unit filename="Foundation/Name.inl" />
		<Unit filename="Foundation/Natural.cpp" />
		<Unit filename="Foundation/Natural.h" />
		<Unit filename="Foundation/Natural.inl" />
		<Unit filename="Foundation/Numeric.cpp" />
		<Unit filename="Foundation/Numeric.h" />
		<Unit filename="Foundation/ObjectPool.h" />
		<Unit filename="Foundation/ObjectPool.inl" />
		<Unit filename="Foundation/Pair.h" />
		<Unit filename="Foundation/Pair.inl" />
		<Unit filename="Foundation/Profile.cpp" />
		<Unit filename="Foundation/Profile.h" />
		<Unit filename="Foundation/Property.h" />
		<Unit filename="Foundation/Property.inl" />
		<Unit filename="Foundation/README.md" />
		<Unit filename="Foundation/RPC.cpp" />
		<Unit filename="Foundation/RPC.h" />
		<Unit filename="Foundation/RedBlackTree.h" />
		<Unit filename="Foundation/RedBlackTree.inl" />
		<Unit filename="Foundation/ReferenceCounting.cpp" />
		<Unit filename="Foundation/ReferenceCounting.h" />
		<Unit filename="Foundation/ReferenceCounting.inl" />
		<Unit filename="Foundation/Regex.h" />
		<Unit filename="Foundation/Set.h" />
		<Unit filename="Foundation/Set.inl" />
		<Unit filename="Foundation/SmartPtr.cpp" />
		<Unit filename="Foundation/SmartPtr.h" />
		<Unit filename="Foundation/SmartPtr.inl" />
		<Unit filename="Foundation/SortedMap.h" />
		<Unit filename="Foundation/SortedMap.inl" />
		<Unit filename="Foundation/SortedSet.h" />
		<Unit filename="Foundation/SortedSet.inl" />
		<Unit filename="Foundation/SparseArray.h" />
		<Unit filename="Foundation/SparseArray.inl" />
		<Unit filename="Foundation/Stream.cpp" />
		<Unit filename="Foundation/Stream.h" />
		<Unit filename="Foundation/Stream.inl" />
		<Unit filename="Foundation/String.cpp" />
		<Unit filename="Foundation/String.h" />
		<Unit filename="Foundation/String.inl" />
		<Unit filename="Foundation/StringConverter.h" />
		<Unit filename="Foundation/StringConverter.inl" />
		<Unit filename="Foundation/TUID.cpp" />
		<Unit filename="Foundation/TUID.h" />
		<Unit filename="Foundation/TUID.inl" />
		<Unit filename="Foundation/Table.h" />
		<Unit filename="Foundation/Table.inl" />
		<Unit filename="Foundation/Tokenize.h" />
		<Unit filename="Foundation/Tokenize.inl" />
		<Unit filename="Foundation/Units.cpp" />
		<Unit filename="Foundation/Units.h" />
		<Unit filename="Foundation/Wildcard.cpp" />
		<Unit filename="Foundation/Wildcard.h" />
		<Unit filename="Persist/API.h" />
		<Unit filename="Persist/Archive.cpp" />
		<Unit filename="Persist/Archive.h" />
		<Unit filename="Persist/Archive.inl" />
		<Unit filename="Persist/ArchiveBson.cpp" />
		<Unit filename="Persist/ArchiveBson.h" />
		<Unit filename="Persist/ArchiveBson.inl" />
		<Unit filename="Persist/ArchiveJson.cpp" />
		<Unit filename="Persist/ArchiveJson.h" />
		<Unit filename="Persist/ArchiveJson.inl" />
		<Unit filename="Persist/ArchiveMessagePack.cpp" />
		<Unit filename="Persist/ArchiveMessagePack.h" />
		<Unit filename="Persist/Exceptions.h" />
		<Unit filename="Persist/LICENSE.md" />
		<Unit filename="Persist/PersistPch.cpp" />
		<Unit filename="Persist/PersistPch.h" />
		<Unit filename="Platform/Assert.cpp" />
		<Unit filename="Platform/Assert.h" />
		<Unit filename="Platform/AssertPosix.cpp" />
		<Unit filename="Platform/Atomic.h" />
		<Unit filename="Platform/AtomicPosix.inl" />
		<Unit filename="Platform/AtomicWin.inl" />
		<Unit filename="Platform/CompilerCl.h" />
		<Unit filename="Platform/CompilerClang.h" />
		<Unit filename="Platform/CompilerGcc.h" />
		<Unit filename="Platform/Condition.h" />
		<Unit filename="Platform/Condition.inl" />
		<Unit filename="Platform/ConditionPosix.cpp" />
		<Unit filename="Platform/Console.h" />
		<Unit filename="Platform/Console.inl" />
		<Unit filename="Platform/ConsolePosix.cpp" />
		<Unit filename="Platform/ConsoleWin.vsscanf.impl" />
		<Unit filename="Platform/CpuX86.h" />
		<Unit filename="Platform/Encoding.cpp" />
		<Unit filename="Platform/Encoding.h" />
		<Unit filename="Platform/Encoding.inl" />
		<Unit filename="Platform/Error.h" />
		<Unit filename="Platform/ErrorPosix.cpp" />
		<Unit filename="Platform/Exception.cpp" />
		<Unit filename="Platform/Exception.h" />
		<Unit filename="Platform/Exception.inl" />
		<Unit filename="Platform/ExceptionPosix.cpp" />
		<Unit filename="Platform/ExceptionWin.h" />
		<Unit filename="Platform/File.cpp" />
		<Unit filename="Platform/File.h" />
		<Unit filename="Platform/File.inl" />
		<Unit filename="Platform/FilePosix.cpp" />
		<Unit filename="Platform/LICENSE.md" />
		<Unit filename="Platform/Locks.cpp" />
		<Unit filename="Platform/Locks.h" />
		<Unit filename="Platform/Locks.inl" />
		<Unit filename="Platform/LocksPosix.cpp" />
		<Unit filename="Platform/Memory.cpp" />
		<Unit filename="Platform/Memory.h" />
		<Unit filename="Platform/MemoryHeap.cpp" />
		<Unit filename="Platform/MemoryHeap.h" />
		<Unit filename="Platform/MemoryHeap.inl" />
		<Unit filename="Platform/MemoryHeapImpl.inl" />
		<Unit filename="Platform/MemoryHeapPosix.cpp" />
		<Unit filename="Platform/NewDelete.h" />
		<Unit filename="Platform/PlatformPch.cpp" />
		<Unit filename="Platform/PlatformPch.h" />
		<Unit filename="Platform/Process.h" />
		<Unit filename="Platform/ProcessPosix.cpp" />
		<Unit filename="Platform/README.md" />
		<Unit filename="Platform/Runtime.cpp" />
		<Unit filename="Platform/Runtime.h" />
		<Unit filename="Platform/Runtime.inl" />
		<Unit filename="Platform/RuntimePosix.cpp" />
		<Unit filename="Platform/Semaphore.h" />
		<Unit filename="Platform/Semaphore.inl" />
		<Unit filename="Platform/SemaphorePosix.cpp" />
		<Unit filename="Platform/Socket.h" />
		<Unit filename="Platform/SocketPosix.cpp" />
		<Unit filename="Platform/System.h" />
		<Unit filename="Platform/SystemLinux.h" />
		<Unit filename="Platform/SystemMac.h" />
		<Unit filename="Platform/SystemWin.h" />
		<Unit filename="Platform/Thread.cpp" />
		<Unit filename="Platform/Thread.h" />
		<Unit filename="Platform/Thread.inl" />
		<Unit filename="Platform/ThreadPosix.cpp" />
		<Unit filename="Platform/Timer.cpp" />
		<Unit filename="Platform/Timer.h" />
		<Unit filename="Platform/TimerPosix.cpp" />
		<Unit filename="Platform/Trace.cpp" />
		<Unit filename="Platform/Trace.h" />
		<Unit filename="Platform/Trace.inl" />
		<Unit filename="Platform/TypeTraits.h" />
		<Unit filename="Platform/Types.h" />
		<Unit filename="Platform/Utility.h" />
		<Unit filename="Platform/Utility.inl" />
		<Unit filename="Reflect/API.h" />
		<Unit filename="Reflect/Exceptions.h" />
		<Unit filename="Reflect/LICENSE.md" />
		<Unit filename="Reflect/Meta.cpp" />
		<Unit filename="Reflect/Meta.h" />
		<Unit filename="Reflect/Meta.inl" />
		<Unit filename="Reflect/MetaClass.cpp" />
		<Unit filename="Reflect/MetaClass.h" />
		<Unit filename="Reflect/MetaClass.inl" />
		<Unit filename="Reflect/MetaEnum.cpp" />
		<Unit filename="Reflect/MetaEnum.h" />
		<Unit filename="Reflect/MetaEnum.inl" />
		<Unit filename="Reflect/MetaStruct.cpp" />
		<Unit filename="Reflect/MetaStruct.h" />
		<Unit filename="Reflect/MetaStruct.inl" />
		<Unit filename="Reflect/MetaType.cpp" />
		<Unit filename="Reflect/MetaType.h" />
		<Unit filename="Reflect/Object.cpp" />
		<Unit filename="Reflect/Object.h" />
		<Unit filename="Reflect/Object.inl" />
		<Unit filename="Reflect/README.md" />
		<Unit filename="Reflect/ReflectPch.cpp" />
		<Unit filename="Reflect/ReflectPch.h" />
		<Unit filename="Reflect/Registry.cpp" />
		<Unit filename="Reflect/Registry.h" />
		<Unit filename="Reflect/Registry.inl" />
		<Unit filename="Reflect/Tests.cpp" />
		<Unit filename="Reflect/Tests.h" />
		<Unit filename="Reflect/TranslateBuiltin.cpp" />
		<Unit filename="Reflect/TranslateBuiltin.h" />
		<Unit filename="Reflect/TranslateBuiltin.inl" />
		<Unit filename="Reflect/TranslateFoundation.cpp" />
		<Unit filename="Reflect/TranslateFoundation.h" />
		<Unit filename="Reflect/TranslateFoundation.inl" />
		<Unit filename="Reflect/TranslateStandardLibrary.cpp" />
		<Unit filename="Reflect/TranslateStandardLibrary.h" />
		<Unit filename="Reflect/TranslateStandardLibrary.inl" />
		<Unit filename="Reflect/Translator.cpp" />
		<Unit filename="Reflect/Translator.h" />
		<Unit filename="Reflect/Translator.inl" />
		<Unit filename="Reflect/TranslatorDeduction.cpp" />
		<Unit filename="Reflect/TranslatorDeduction.h" />
		<Extensions>
			<envvars />
			<code_completion />
			<lib_finder disable_auto="1" />
			<debugger />
		</Extensions>
	</Project>
</CodeBlocks_project_file>
